
Microsoft Visual Studio Solution File, Format Version 12.00
# Visual Studio Version 17
VisualStudioVersion = 17.9.34616.47
MinimumVisualStudioVersion = 10.0.40219.1
Project("{9A19103F-16F7-4668-BE54-9A1E7A4F7556}") = "Domain", "Domain\Domain.csproj", "{350BF4D0-86CD-4F74-9D4A-D28F02605711}"
EndProject
Project("{9A19103F-16F7-4668-BE54-9A1E7A4F7556}") = "Infastructure", "Infastructure\Infastructure.csproj", "{31581835-1812-4948-B0DD-41900A5542B2}"
EndProject
Project("{9A19103F-16F7-4668-BE54-9A1E7A4F7556}") = "Application", "Application\Application.csproj", "{4E29BFC5-9194-4133-8BC2-0CAA07D1D63D}"
EndProject
Project("{9A19103F-16F7-4668-BE54-9A1E7A4F7556}") = "ApiMusicianPortal", "ApiAniLibria\ApiMusicianPortal.csproj", "{2FA71FDD-142F-4C61-A949-1B22BFC49186}"
EndProject
Project("{9A19103F-16F7-4668-BE54-9A1E7A4F7556}") = "Contracts", "Contracts\Contracts.csproj", "{3100039C-241B-452A-A9B6-52E80428C1FD}"
EndProject
Global
	GlobalSection(SolutionConfigurationPlatforms) = preSolution
		Debug|Any CPU = Debug|Any CPU
		Release|Any CPU = Release|Any CPU
	EndGlobalSection
	GlobalSection(ProjectConfigurationPlatforms) = postSolution
		{350BF4D0-86CD-4F74-9D4A-D28F02605711}.Debug|Any CPU.ActiveCfg = Debug|Any CPU
		{350BF4D0-86CD-4F74-9D4A-D28F02605711}.Debug|Any CPU.Build.0 = Debug|Any CPU
		{350BF4D0-86CD-4F74-9D4A-D28F02605711}.Release|Any CPU.ActiveCfg = Release|Any CPU
		{350BF4D0-86CD-4F74-9D4A-D28F02605711}.Release|Any CPU.Build.0 = Release|Any CPU
		{31581835-1812-4948-B0DD-41900A5542B2}.Debug|Any CPU.ActiveCfg = Debug|Any CPU
		{31581835-1812-4948-B0DD-41900A5542B2}.Debug|Any CPU.Build.0 = Debug|Any CPU
		{31581835-1812-4948-B0DD-41900A5542B2}.Release|Any CPU.ActiveCfg = Release|Any CPU
		{31581835-1812-4948-B0DD-41900A5542B2}.Release|Any CPU.Build.0 = Release|Any CPU
		{4E29BFC5-9194-4133-8BC2-0CAA07D1D63D}.Debug|Any CPU.ActiveCfg = Debug|Any CPU
		{4E29BFC5-9194-4133-8BC2-0CAA07D1D63D}.Debug|Any CPU.Build.0 = Debug|Any CPU
		{4E29BFC5-9194-4133-8BC2-0CAA07D1D63D}.Release|Any CPU.ActiveCfg = Release|Any CPU
		{4E29BFC5-9194-4133-8BC2-0CAA07D1D63D}.Release|Any CPU.Build.0 = Release|Any CPU
		{2FA71FDD-142F-4C61-A949-1B22BFC49186}.Debug|Any CPU.ActiveCfg = Debug|Any CPU
		{2FA71FDD-142F-4C61-A949-1B22BFC49186}.Debug|Any CPU.Build.0 = Debug|Any CPU
		{2FA71FDD-142F-4C61-A949-1B22BFC49186}.Release|Any CPU.ActiveCfg = Release|Any CPU
		{2FA71FDD-142F-4C61-A949-1B22BFC49186}.Release|Any CPU.Build.0 = Release|Any CPU
		{3100039C-241B-452A-A9B6-52E80428C1FD}.Debug|Any CPU.ActiveCfg = Debug|Any CPU
		{3100039C-241B-452A-A9B6-52E80428C1FD}.Debug|Any CPU.Build.0 = Debug|Any CPU
		{3100039C-241B-452A-A9B6-52E80428C1FD}.Release|Any CPU.ActiveCfg = Release|Any CPU
		{3100039C-241B-452A-A9B6-52E80428C1FD}.Release|Any CPU.Build.0 = Release|Any CPU
	EndGlobalSection
	GlobalSection(SolutionProperties) = preSolution
		HideSolutionNode = FALSE
	EndGlobalSection
	GlobalSection(ExtensibilityGlobals) = postSolution
		SolutionGuid = {F07064AD-D38D-418A-A31F-03AC2A12B342}
	EndGlobalSection
EndGlobal
